
Microsoft Visual Studio Solution File, Format Version 12.00
# Visual Studio 15
VisualStudioVersion = 15.0.27703.2035
MinimumVisualStudioVersion = 10.0.40219.1
Project("{8BC9CEB8-8B4A-11D0-8D11-00A0C91BC942}") = "Matrz.cpp", "Matrz.cpp\Matrz.cpp.vcxproj", "{AE050406-4D43-48B7-98A0-47C3E66D5308}"
EndProject
Global
	GlobalSection(SolutionConfigurationPlatforms) = preSolution
		Debug|x64 = Debug|x64
		Debug|x86 = Debug|x86
		Release|x64 = Release|x64
		Release|x86 = Release|x86
	EndGlobalSection
	GlobalSection(ProjectConfigurationPlatforms) = postSolution
		{AE050406-4D43-48B7-98A0-47C3E66D5308}.Debug|x64.ActiveCfg = Debug|x64
		{AE050406-4D43-48B7-98A0-47C3E66D5308}.Debug|x64.Build.0 = Debug|x64
		{AE050406-4D43-48B7-98A0-47C3E66D5308}.Debug|x86.ActiveCfg = Debug|Win32
		{AE050406-4D43-48B7-98A0-47C3E66D5308}.Debug|x86.Build.0 = Debug|Win32
		{AE050406-4D43-48B7-98A0-47C3E66D5308}.Release|x64.ActiveCfg = Release|x64
		{AE050406-4D43-48B7-98A0-47C3E66D5308}.Release|x64.Build.0 = Release|x64
		{AE050406-4D43-48B7-98A0-47C3E66D5308}.Release|x86.ActiveCfg = Release|Win32
		{AE050406-4D43-48B7-98A0-47C3E66D5308}.Release|x86.Build.0 = Release|Win32
	EndGlobalSection
	GlobalSection(SolutionProperties) = preSolution
		HideSolutionNode = FALSE
	EndGlobalSection
	GlobalSection(ExtensibilityGlobals) = postSolution
		SolutionGuid = {326F2381-D2A8-4C6C-AADE-9297C96C1341}
	EndGlobalSection
EndGlobal
