
Microsoft Visual Studio Solution File, Format Version 12.00
# Visual Studio 15
VisualStudioVersion = 15.0.27703.2035
MinimumVisualStudioVersion = 10.0.40219.1
Project("{8BC9CEB8-8B4A-11D0-8D11-00A0C91BC942}") = "ejercicio5", "ejercicio5\ejercicio5.vcxproj", "{FEFE0936-390F-48BC-90BE-9A1AA7E6C316}"
EndProject
Global
	GlobalSection(SolutionConfigurationPlatforms) = preSolution
		Debug|x64 = Debug|x64
		Debug|x86 = Debug|x86
		Release|x64 = Release|x64
		Release|x86 = Release|x86
	EndGlobalSection
	GlobalSection(ProjectConfigurationPlatforms) = postSolution
		{FEFE0936-390F-48BC-90BE-9A1AA7E6C316}.Debug|x64.ActiveCfg = Debug|x64
		{FEFE0936-390F-48BC-90BE-9A1AA7E6C316}.Debug|x64.Build.0 = Debug|x64
		{FEFE0936-390F-48BC-90BE-9A1AA7E6C316}.Debug|x86.ActiveCfg = Debug|Win32
		{FEFE0936-390F-48BC-90BE-9A1AA7E6C316}.Debug|x86.Build.0 = Debug|Win32
		{FEFE0936-390F-48BC-90BE-9A1AA7E6C316}.Release|x64.ActiveCfg = Release|x64
		{FEFE0936-390F-48BC-90BE-9A1AA7E6C316}.Release|x64.Build.0 = Release|x64
		{FEFE0936-390F-48BC-90BE-9A1AA7E6C316}.Release|x86.ActiveCfg = Release|Win32
		{FEFE0936-390F-48BC-90BE-9A1AA7E6C316}.Release|x86.Build.0 = Release|Win32
	EndGlobalSection
	GlobalSection(SolutionProperties) = preSolution
		HideSolutionNode = FALSE
	EndGlobalSection
	GlobalSection(ExtensibilityGlobals) = postSolution
		SolutionGuid = {DDAFD4DF-C09A-48FD-8734-1FC6BFCED101}
	EndGlobalSection
EndGlobal
